
Microsoft Visual Studio Solution File, Format Version 11.00
# Visual Studio 2010
Project("{FAE04EC0-301F-11D3-BF4B-00C04F79EFBC}") = "ProductManager.MVC", "ProductManager.MVC\ProductManager.MVC.csproj", "{345D2CAC-8B70-4237-B188-6ACAF23CAA90}"
EndProject
Global
	GlobalSection(SolutionConfigurationPlatforms) = preSolution
		Debug|Any CPU = Debug|Any CPU
		Release|Any CPU = Release|Any CPU
	EndGlobalSection
	GlobalSection(ProjectConfigurationPlatforms) = postSolution
		{345D2CAC-8B70-4237-B188-6ACAF23CAA90}.Debug|Any CPU.ActiveCfg = Debug|Any CPU
		{345D2CAC-8B70-4237-B188-6ACAF23CAA90}.Debug|Any CPU.Build.0 = Debug|Any CPU
		{345D2CAC-8B70-4237-B188-6ACAF23CAA90}.Release|Any CPU.ActiveCfg = Release|Any CPU
		{345D2CAC-8B70-4237-B188-6ACAF23CAA90}.Release|Any CPU.Build.0 = Release|Any CPU
	EndGlobalSection
	GlobalSection(SolutionProperties) = preSolution
		HideSolutionNode = FALSE
	EndGlobalSection
EndGlobal
