
Microsoft Visual Studio Solution File, Format Version 11.00
# Visual Studio 2010
Project("{FAE04EC0-301F-11D3-BF4B-00C04F79EFBC}") = "ProductManager.Silverlight", "ProductManager.Silverlight\ProductManager.Silverlight.csproj", "{8302668B-E93A-4E35-B239-8C41FCDF9281}"
EndProject
Project("{FAE04EC0-301F-11D3-BF4B-00C04F79EFBC}") = "ProductManager.Silverlight.Web", "ProductManager.Silverlight.Web\ProductManager.Silverlight.Web.csproj", "{094377DD-EDC3-4169-8AC1-26282081FC26}"
EndProject
Global
	GlobalSection(SolutionConfigurationPlatforms) = preSolution
		Debug|Any CPU = Debug|Any CPU
		Release|Any CPU = Release|Any CPU
	EndGlobalSection
	GlobalSection(ProjectConfigurationPlatforms) = postSolution
		{8302668B-E93A-4E35-B239-8C41FCDF9281}.Debug|Any CPU.ActiveCfg = Debug|Any CPU
		{8302668B-E93A-4E35-B239-8C41FCDF9281}.Debug|Any CPU.Build.0 = Debug|Any CPU
		{8302668B-E93A-4E35-B239-8C41FCDF9281}.Release|Any CPU.ActiveCfg = Release|Any CPU
		{8302668B-E93A-4E35-B239-8C41FCDF9281}.Release|Any CPU.Build.0 = Release|Any CPU
		{094377DD-EDC3-4169-8AC1-26282081FC26}.Debug|Any CPU.ActiveCfg = Debug|Any CPU
		{094377DD-EDC3-4169-8AC1-26282081FC26}.Debug|Any CPU.Build.0 = Debug|Any CPU
		{094377DD-EDC3-4169-8AC1-26282081FC26}.Release|Any CPU.ActiveCfg = Release|Any CPU
		{094377DD-EDC3-4169-8AC1-26282081FC26}.Release|Any CPU.Build.0 = Release|Any CPU
	EndGlobalSection
	GlobalSection(SolutionProperties) = preSolution
		HideSolutionNode = FALSE
	EndGlobalSection
EndGlobal
